
Microsoft Visual Studio Solution File, Format Version 12.00
# Visual Studio Version 16
VisualStudioVersion = 16.0.29806.167
MinimumVisualStudioVersion = 10.0.40219.1
Project("{9A19103F-16F7-4668-BE54-9A1E7A4F7556}") = "GuidPlus", "GuidPlus\GuidPlus.csproj", "{0A6FA047-691C-4C19-9BB6-5008C1F383EC}"
EndProject
Project("{9A19103F-16F7-4668-BE54-9A1E7A4F7556}") = "GuidPlus.Test", "GuidPlus.Test\GuidPlus.Test.csproj", "{F8BE60B2-19E5-4CD4-B967-64A6D29609BB}"
EndProject
Global
	GlobalSection(SolutionConfigurationPlatforms) = preSolution
		Debug|Any CPU = Debug|Any CPU
		Release|Any CPU = Release|Any CPU
	EndGlobalSection
	GlobalSection(ProjectConfigurationPlatforms) = postSolution
		{0A6FA047-691C-4C19-9BB6-5008C1F383EC}.Debug|Any CPU.ActiveCfg = Debug|Any CPU
		{0A6FA047-691C-4C19-9BB6-5008C1F383EC}.Debug|Any CPU.Build.0 = Debug|Any CPU
		{0A6FA047-691C-4C19-9BB6-5008C1F383EC}.Release|Any CPU.ActiveCfg = Release|Any CPU
		{0A6FA047-691C-4C19-9BB6-5008C1F383EC}.Release|Any CPU.Build.0 = Release|Any CPU
		{F8BE60B2-19E5-4CD4-B967-64A6D29609BB}.Debug|Any CPU.ActiveCfg = Debug|Any CPU
		{F8BE60B2-19E5-4CD4-B967-64A6D29609BB}.Debug|Any CPU.Build.0 = Debug|Any CPU
		{F8BE60B2-19E5-4CD4-B967-64A6D29609BB}.Release|Any CPU.ActiveCfg = Release|Any CPU
		{F8BE60B2-19E5-4CD4-B967-64A6D29609BB}.Release|Any CPU.Build.0 = Release|Any CPU
	EndGlobalSection
	GlobalSection(SolutionProperties) = preSolution
		HideSolutionNode = FALSE
	EndGlobalSection
	GlobalSection(ExtensibilityGlobals) = postSolution
		SolutionGuid = {F74822AA-886F-4B32-AE55-5A0A1675234E}
	EndGlobalSection
EndGlobal
